
Microsoft Visual Studio Solution File, Format Version 12.00
# Visual Studio 14
VisualStudioVersion = 14.0.25420.1
MinimumVisualStudioVersion = 10.0.40219.1
Project("{FAE04EC0-301F-11D3-BF4B-00C04F79EFBC}") = "ParameterParseUtility", "ParameterParseUtility\ParameterParseUtility.csproj", "{BD473EFC-166E-4A09-8978-2DC7931A3BFB}"
EndProject
Project("{FAE04EC0-301F-11D3-BF4B-00C04F79EFBC}") = "ParameterParseUtilityTests", "ParameterParseUtilityTests\ParameterParseUtilityTests.csproj", "{14386458-6E92-4270-A3A3-8852C2DDAC30}"
EndProject
Global
	GlobalSection(SolutionConfigurationPlatforms) = preSolution
		Debug|Any CPU = Debug|Any CPU
		Release|Any CPU = Release|Any CPU
	EndGlobalSection
	GlobalSection(ProjectConfigurationPlatforms) = postSolution
		{BD473EFC-166E-4A09-8978-2DC7931A3BFB}.Debug|Any CPU.ActiveCfg = Debug|Any CPU
		{BD473EFC-166E-4A09-8978-2DC7931A3BFB}.Debug|Any CPU.Build.0 = Debug|Any CPU
		{BD473EFC-166E-4A09-8978-2DC7931A3BFB}.Release|Any CPU.ActiveCfg = Release|Any CPU
		{BD473EFC-166E-4A09-8978-2DC7931A3BFB}.Release|Any CPU.Build.0 = Release|Any CPU
		{14386458-6E92-4270-A3A3-8852C2DDAC30}.Debug|Any CPU.ActiveCfg = Debug|Any CPU
		{14386458-6E92-4270-A3A3-8852C2DDAC30}.Debug|Any CPU.Build.0 = Debug|Any CPU
		{14386458-6E92-4270-A3A3-8852C2DDAC30}.Release|Any CPU.ActiveCfg = Release|Any CPU
		{14386458-6E92-4270-A3A3-8852C2DDAC30}.Release|Any CPU.Build.0 = Release|Any CPU
	EndGlobalSection
	GlobalSection(SolutionProperties) = preSolution
		HideSolutionNode = FALSE
	EndGlobalSection
EndGlobal
